// !$*UTF8*$!
{
	archiveVersion = 1;
	classes = {
	};
	objectVersion = 50;
	objects = {

/* Begin PBXBuildFile section */
		014F0ED42463EFB20031C3F4 /* AppDelegate.swift in Sources */ = {isa = PBXBuildFile; fileRef = 014F0ED32463EFB20031C3F4 /* AppDelegate.swift */; };
		014F0ED62463EFB20031C3F4 /* SceneDelegate.swift in Sources */ = {isa = PBXBuildFile; fileRef = 014F0ED52463EFB20031C3F4 /* SceneDelegate.swift */; };
		014F0ED82463EFB20031C3F4 /* ViewController.swift in Sources */ = {isa = PBXBuildFile; fileRef = 014F0ED72463EFB20031C3F4 /* ViewController.swift */; };
		014F0EDB2463EFB20031C3F4 /* Main.storyboard in Resources */ = {isa = PBXBuildFile; fileRef = 014F0ED92463EFB20031C3F4 /* Main.storyboard */; };
		014F0EDD2463EFB60031C3F4 /* Assets.xcassets in Resources */ = {isa = PBXBuildFile; fileRef = 014F0EDC2463EFB60031C3F4 /* Assets.xcassets */; };
		014F0EE02463EFB60031C3F4 /* LaunchScreen.storyboard in Resources */ = {isa = PBXBuildFile; fileRef = 014F0EDE2463EFB60031C3F4 /* LaunchScreen.storyboard */; };
		D02F2AE24BF8BA055D7294F0 /* Pods_add2appline.framework in Frameworks */ = {isa = PBXBuildFile; fileRef = 4A1CA573A0902E8343BBB9D5 /* Pods_add2appline.framework */; };
/* End PBXBuildFile section */

/* Begin PBXFileReference section */
		014F0ED02463EFB20031C3F4 /* add2appline.app */ = {isa = PBXFileReference; explicitFileType = wrapper.application; includeInIndex = 0; path = add2appline.app; sourceTree = BUILT_PRODUCTS_DIR; };
		014F0ED32463EFB20031C3F4 /* AppDelegate.swift */ = {isa = PBXFileReference; lastKnownFileType = sourcecode.swift; path = AppDelegate.swift; sourceTree = "<group>"; };
		014F0ED52463EFB20031C3F4 /* SceneDelegate.swift */ = {isa = PBXFileReference; lastKnownFileType = sourcecode.swift; path = SceneDelegate.swift; sourceTree = "<group>"; };
		014F0ED72463EFB20031C3F4 /* ViewController.swift */ = {isa = PBXFileReference; lastKnownFileType = sourcecode.swift; path = ViewController.swift; sourceTree = "<group>"; };
		014F0EDA2463EFB20031C3F4 /* Base */ = {isa = PBXFileReference; lastKnownFileType = file.storyboard; name = Base; path = Base.lproj/Main.storyboard; sourceTree = "<group>"; };
		014F0EDC2463EFB60031C3F4 /* Assets.xcassets */ = {isa = PBXFileReference; lastKnownFileType = folder.assetcatalog; path = Assets.xcassets; sourceTree = "<group>"; };
		014F0EDF2463EFB60031C3F4 /* Base */ = {isa = PBXFileReference; lastKnownFileType = file.storyboard; name = Base; path = Base.lproj/LaunchScreen.storyboard; sourceTree = "<group>"; };
		014F0EE12463EFB60031C3F4 /* Info.plist */ = {isa = PBXFileReference; lastKnownFileType = text.plist.xml; path = Info.plist; sourceTree = "<group>"; };
		2BA2939E376301BD1126F210 /* Pods-add2appline.release.xcconfig */ = {isa = PBXFileReference; includeInIndex = 1; lastKnownFileType = text.xcconfig; name = "Pods-add2appline.release.xcconfig"; path = "Target Support Files/Pods-add2appline/Pods-add2appline.release.xcconfig"; sourceTree = "<group>"; };
		4A1CA573A0902E8343BBB9D5 /* Pods_add2appline.framework */ = {isa = PBXFileReference; explicitFileType = wrapper.framework; includeInIndex = 0; path = Pods_add2appline.framework; sourceTree = BUILT_PRODUCTS_DIR; };
		7F3209B4EAE75D708A3E0B34 /* Pods-add2appline.debug.xcconfig */ = {isa = PBXFileReference; includeInIndex = 1; lastKnownFileType = text.xcconfig; name = "Pods-add2appline.debug.xcconfig"; path = "Target Support Files/Pods-add2appline/Pods-add2appline.debug.xcconfig"; sourceTree = "<group>"; };
/* End PBXFileReference section */

/* Begin PBXFrameworksBuildPhase section */
		014F0ECD2463EFB20031C3F4 /* Frameworks */ = {
			isa = PBXFrameworksBuildPhase;
			buildActionMask = 2147483647;
			files = (
				D02F2AE24BF8BA055D7294F0 /* Pods_add2appline.framework in Frameworks */,
			);
			runOnlyForDeploymentPostprocessing = 0;
		};
/* End PBXFrameworksBuildPhase section */

/* Begin PBXGroup section */
		014F0EC72463EFB10031C3F4 = {
			isa = PBXGroup;
			children = (
				014F0ED22463EFB20031C3F4 /* add2appline */,
				014F0ED12463EFB20031C3F4 /* Products */,
				607B745F17BD323CF684E33F /* Pods */,
				E43E3CE2FD52B8106610C3DE /* Frameworks */,
			);
			sourceTree = "<group>";
		};
		014F0ED12463EFB20031C3F4 /* Products */ = {
			isa = PBXGroup;
			children = (
				014F0ED02463EFB20031C3F4 /* add2appline.app */,
			);
			name = Products;
			sourceTree = "<group>";
		};
		014F0ED22463EFB20031C3F4 /* add2appline */ = {
			isa = PBXGroup;
			children = (
				014F0ED32463EFB20031C3F4 /* AppDelegate.swift */,
				014F0ED52463EFB20031C3F4 /* SceneDelegate.swift */,
				014F0ED72463EFB20031C3F4 /* ViewController.swift */,
				014F0ED92463EFB20031C3F4 /* Main.storyboard */,
				014F0EDC2463EFB60031C3F4 /* Assets.xcassets */,
				014F0EDE2463EFB60031C3F4 /* LaunchScreen.storyboard */,
				014F0EE12463EFB60031C3F4 /* Info.plist */,
			);
			path = add2appline;
			sourceTree = "<group>";
		};
		607B745F17BD323CF684E33F /* Pods */ = {
			isa = PBXGroup;
			children = (
				7F3209B4EAE75D708A3E0B34 /* Pods-add2appline.debug.xcconfig */,
				2BA2939E376301BD1126F210 /* Pods-add2appline.release.xcconfig */,
			);
			name = Pods;
			path = Pods;
			sourceTree = "<group>";
		};
		E43E3CE2FD52B8106610C3DE /* Frameworks */ = {
			isa = PBXGroup;
			children = (
				4A1CA573A0902E8343BBB9D5 /* Pods_add2appline.framework */,
			);
			name = Frameworks;
			sourceTree = "<group>";
		};
/* End PBXGroup section */

/* Begin PBXNativeTarget section */
		014F0ECF2463EFB20031C3F4 /* add2appline */ = {
			isa = PBXNativeTarget;
			buildConfigurationList = 014F0EE42463EFB60031C3F4 /* Build configuration list for PBXNativeTarget "add2appline" */;
			buildPhases = (
				537B7127F2E2992BD9C34B16 /* [CP] Check Pods Manifest.lock */,
				B1E44B79DBF8B7EA79A37485 /* [CP-User] Run Flutter Build Script */,
				014F0ECC2463EFB20031C3F4 /* Sources */,
				014F0ECD2463EFB20031C3F4 /* Frameworks */,
				014F0ECE2463EFB20031C3F4 /* Resources */,
				3D8738A38527047EBE1B0C67 /* [CP] Embed Pods Frameworks */,
			);
			buildRules = (
			);
			dependencies = (
			);
			name = add2appline;
			productName = add2appline;
			productReference = 014F0ED02463EFB20031C3F4 /* add2appline.app */;
			productType = "com.apple.product-type.application";
		};
/* End PBXNativeTarget section */

/* Begin PBXProject section */
		014F0EC82463EFB10031C3F4 /* Project object */ = {
			isa = PBXProject;
			attributes = {
				LastSwiftUpdateCheck = 1140;
				LastUpgradeCheck = 1140;
				ORGANIZATIONNAME = "菊池 紘";
				TargetAttributes = {
					014F0ECF2463EFB20031C3F4 = {
						CreatedOnToolsVersion = 11.4.1;
					};
				};
			};
			buildConfigurationList = 014F0ECB2463EFB20031C3F4 /* Build configuration list for PBXProject "add2appline" */;
			compatibilityVersion = "Xcode 9.3";
			developmentRegion = en;
			hasScannedForEncodings = 0;
			knownRegions = (
				en,
				Base,
			);
			mainGroup = 014F0EC72463EFB10031C3F4;
			productRefGroup = 014F0ED12463EFB20031C3F4 /* Products */;
			projectDirPath = "";
			projectRoot = "";
			targets = (
				014F0ECF2463EFB20031C3F4 /* add2appline */,
			);
		};
/* End PBXProject section */

/* Begin PBXResourcesBuildPhase section */
		014F0ECE2463EFB20031C3F4 /* Resources */ = {
			isa = PBXResourcesBuildPhase;
			buildActionMask = 2147483647;
			files = (
				014F0EE02463EFB60031C3F4 /* LaunchScreen.storyboard in Resources */,
				014F0EDD2463EFB60031C3F4 /* Assets.xcassets in Resources */,
				014F0EDB2463EFB20031C3F4 /* Main.storyboard in Resources */,
			);
			runOnlyForDeploymentPostprocessing = 0;
		};
/* End PBXResourcesBuildPhase section */

/* Begin PBXShellScriptBuildPhase section */
		3D8738A38527047EBE1B0C67 /* [CP] Embed Pods Frameworks */ = {
			isa = PBXShellScriptBuildPhase;
			buildActionMask = 2147483647;
			files = (
			);
			inputFileListPaths = (
				"${PODS_ROOT}/Target Support Files/Pods-add2appline/Pods-add2appline-frameworks-${CONFIGURATION}-input-files.xcfilelist",
			);
			name = "[CP] Embed Pods Frameworks";
			outputFileListPaths = (
				"${PODS_ROOT}/Target Support Files/Pods-add2appline/Pods-add2appline-frameworks-${CONFIGURATION}-output-files.xcfilelist",
			);
			runOnlyForDeploymentPostprocessing = 0;
			shellPath = /bin/sh;
			shellScript = "\"${PODS_ROOT}/Target Support Files/Pods-add2appline/Pods-add2appline-frameworks.sh\"\n";
			showEnvVarsInLog = 0;
		};
		537B7127F2E2992BD9C34B16 /* [CP] Check Pods Manifest.lock */ = {
			isa = PBXShellScriptBuildPhase;
			buildActionMask = 2147483647;
			files = (
			);
			inputFileListPaths = (
			);
			inputPaths = (
				"${PODS_PODFILE_DIR_PATH}/Podfile.lock",
				"${PODS_ROOT}/Manifest.lock",
			);
			name = "[CP] Check Pods Manifest.lock";
			outputFileListPaths = (
			);
			outputPaths = (
				"$(DERIVED_FILE_DIR)/Pods-add2appline-checkManifestLockResult.txt",
			);
			runOnlyForDeploymentPostprocessing = 0;
			shellPath = /bin/sh;
			shellScript = "diff \"${PODS_PODFILE_DIR_PATH}/Podfile.lock\" \"${PODS_ROOT}/Manifest.lock\" > /dev/null\nif [ $? != 0 ] ; then\n    # print error to STDERR\n    echo \"error: The sandbox is not in sync with the Podfile.lock. Run 'pod install' or update your CocoaPods installation.\" >&2\n    exit 1\nfi\n# This output is used by Xcode 'outputs' to avoid re-running this script phase.\necho \"SUCCESS\" > \"${SCRIPT_OUTPUT_FILE_0}\"\n";
			showEnvVarsInLog = 0;
		};
		B1E44B79DBF8B7EA79A37485 /* [CP-User] Run Flutter Build Script */ = {
			isa = PBXShellScriptBuildPhase;
			buildActionMask = 2147483647;
			files = (
			);
			inputPaths = (
				"${SRCROOT}/./flutter_part/.metadata",
				"${SRCROOT}/flutter_part/.ios/Flutter/App.framework/App",
				"${SRCROOT}/flutter_part/.ios/Flutter/engine/Flutter.framework/Flutter",
				"${SRCROOT}/flutter_part/.ios/Flutter/flutter_export_environment.sh",
			);
			name = "[CP-User] Run Flutter Build Script";
			runOnlyForDeploymentPostprocessing = 0;
			shellPath = /bin/sh;
			shellScript = "set -e\nset -u\nsource \"${SRCROOT}/flutter_part/.ios/Flutter/flutter_export_environment.sh\"\n\"$FLUTTER_ROOT\"/packages/flutter_tools/bin/xcode_backend.sh build";
		};
/* End PBXShellScriptBuildPhase section */

/* Begin PBXSourcesBuildPhase section */
		014F0ECC2463EFB20031C3F4 /* Sources */ = {
			isa = PBXSourcesBuildPhase;
			buildActionMask = 2147483647;
			files = (
				014F0ED82463EFB20031C3F4 /* ViewController.swift in Sources */,
				014F0ED42463EFB20031C3F4 /* AppDelegate.swift in Sources */,
				014F0ED62463EFB20031C3F4 /* SceneDelegate.swift in Sources */,
			);
			runOnlyForDeploymentPostprocessing = 0;
		};
/* End PBXSourcesBuildPhase section */

/* Begin PBXVariantGroup section */
		014F0ED92463EFB20031C3F4 /* Main.storyboard */ = {
			isa = PBXVariantGroup;
			children = (
				014F0EDA2463EFB20031C3F4 /* Base */,
			);
			name = Main.storyboard;
			sourceTree = "<group>";
		};
		014F0EDE2463EFB60031C3F4 /* LaunchScreen.storyboard */ = {
			isa = PBXVariantGroup;
			children = (
				014F0EDF2463EFB60031C3F4 /* Base */,
			);
			name = LaunchScreen.storyboard;
			sourceTree = "<group>";
		};
/* End PBXVariantGroup section */

/* Begin XCBuildConfiguration section */
		014F0EE22463EFB60031C3F4 /* Debug */ = {
			isa = XCBuildConfiguration;
			buildSettings = {
				ALWAYS_SEARCH_USER_PATHS = NO;
				CLANG_ANALYZER_NONNULL = YES;
				CLANG_ANALYZER_NUMBER_OBJECT_CONVERSION = YES_AGGRESSIVE;
				CLANG_CXX_LANGUAGE_STANDARD = "gnu++14";
				CLANG_CXX_LIBRARY = "libc++";
				CLANG_ENABLE_MODULES = YES;
				CLANG_ENABLE_OBJC_ARC = YES;
				CLANG_ENABLE_OBJC_WEAK = YES;
				CLANG_WARN_BLOCK_CAPTURE_AUTORELEASING = YES;
				CLANG_WARN_BOOL_CONVERSION = YES;
				CLANG_WARN_COMMA = YES;
				CLANG_WARN_CONSTANT_CONVERSION = YES;
				CLANG_WARN_DEPRECATED_OBJC_IMPLEMENTATIONS = YES;
				CLANG_WARN_DIRECT_OBJC_ISA_USAGE = YES_ERROR;
				CLANG_WARN_DOCUMENTATION_COMMENTS = YES;
				CLANG_WARN_EMPTY_BODY = YES;
				CLANG_WARN_ENUM_CONVERSION = YES;
				CLANG_WARN_INFINITE_RECURSION = YES;
				CLANG_WARN_INT_CONVERSION = YES;
				CLANG_WARN_NON_LITERAL_NULL_CONVERSION = YES;
				CLANG_WARN_OBJC_IMPLICIT_RETAIN_SELF = YES;
				CLANG_WARN_OBJC_LITERAL_CONVERSION = YES;
				CLANG_WARN_OBJC_ROOT_CLASS = YES_ERROR;
				CLANG_WARN_RANGE_LOOP_ANALYSIS = YES;
				CLANG_WARN_STRICT_PROTOTYPES = YES;
				CLANG_WARN_SUSPICIOUS_MOVE = YES;
				CLANG_WARN_UNGUARDED_AVAILABILITY = YES_AGGRESSIVE;
				CLANG_WARN_UNREACHABLE_CODE = YES;
				CLANG_WARN__DUPLICATE_METHOD_MATCH = YES;
				COPY_PHASE_STRIP = NO;
				DEBUG_INFORMATION_FORMAT = dwarf;
				ENABLE_STRICT_OBJC_MSGSEND = YES;
				ENABLE_TESTABILITY = YES;
				GCC_C_LANGUAGE_STANDARD = gnu11;
				GCC_DYNAMIC_NO_PIC = NO;
				GCC_NO_COMMON_BLOCKS = YES;
				GCC_OPTIMIZATION_LEVEL = 0;
				GCC_PREPROCESSOR_DEFINITIONS = (
					"DEBUG=1",
					"$(inherited)",
				);
				GCC_WARN_64_TO_32_BIT_CONVERSION = YES;
				GCC_WARN_ABOUT_RETURN_TYPE = YES_ERROR;
				GCC_WARN_UNDECLARED_SELECTOR = YES;
				GCC_WARN_UNINITIALIZED_AUTOS = YES_AGGRESSIVE;
				GCC_WARN_UNUSED_FUNCTION = YES;
				GCC_WARN_UNUSED_VARIABLE = YES;
				IPHONEOS_DEPLOYMENT_TARGET = 13.4;
				MTL_ENABLE_DEBUG_INFO = INCLUDE_SOURCE;
				MTL_FAST_MATH = YES;
				ONLY_ACTIVE_ARCH = YES;
				SDKROOT = iphoneos;
				SWIFT_ACTIVE_COMPILATION_CONDITIONS = DEBUG;
				SWIFT_OPTIMIZATION_LEVEL = "-Onone";
			};
			name = Debug;
		};
		014F0EE32463EFB60031C3F4 /* Release */ = {
			isa = XCBuildConfiguration;
			buildSettings = {
				ALWAYS_SEARCH_USER_PATHS = NO;
				CLANG_ANALYZER_NONNULL = YES;
				CLANG_ANALYZER_NUMBER_OBJECT_CONVERSION = YES_AGGRESSIVE;
				CLANG_CXX_LANGUAGE_STANDARD = "gnu++14";
				CLANG_CXX_LIBRARY = "libc++";
				CLANG_ENABLE_MODULES = YES;
				CLANG_ENABLE_OBJC_ARC = YES;
				CLANG_ENABLE_OBJC_WEAK = YES;
				CLANG_WARN_BLOCK_CAPTURE_AUTORELEASING = YES;
				CLANG_WARN_BOOL_CONVERSION = YES;
				CLANG_WARN_COMMA = YES;
				CLANG_WARN_CONSTANT_CONVERSION = YES;
				CLANG_WARN_DEPRECATED_OBJC_IMPLEMENTATIONS = YES;
				CLANG_WARN_DIRECT_OBJC_ISA_USAGE = YES_ERROR;
				CLANG_WARN_DOCUMENTATION_COMMENTS = YES;
				CLANG_WARN_EMPTY_BODY = YES;
				CLANG_WARN_ENUM_CONVERSION = YES;
				CLANG_WARN_INFINITE_RECURSION = YES;
				CLANG_WARN_INT_CONVERSION = YES;
				CLANG_WARN_NON_LITERAL_NULL_CONVERSION = YES;
				CLANG_WARN_OBJC_IMPLICIT_RETAIN_SELF = YES;
				CLANG_WARN_OBJC_LITERAL_CONVERSION = YES;
				CLANG_WARN_OBJC_ROOT_CLASS = YES_ERROR;
				CLANG_WARN_RANGE_LOOP_ANALYSIS = YES;
				CLANG_WARN_STRICT_PROTOTYPES = YES;
				CLANG_WARN_SUSPICIOUS_MOVE = YES;
				CLANG_WARN_UNGUARDED_AVAILABILITY = YES_AGGRESSIVE;
				CLANG_WARN_UNREACHABLE_CODE = YES;
				CLANG_WARN__DUPLICATE_METHOD_MATCH = YES;
				COPY_PHASE_STRIP = NO;
				DEBUG_INFORMATION_FORMAT = "dwarf-with-dsym";
				ENABLE_NS_ASSERTIONS = NO;
				ENABLE_STRICT_OBJC_MSGSEND = YES;
				GCC_C_LANGUAGE_STANDARD = gnu11;
				GCC_NO_COMMON_BLOCKS = YES;
				GCC_WARN_64_TO_32_BIT_CONVERSION = YES;
				GCC_WARN_ABOUT_RETURN_TYPE = YES_ERROR;
				GCC_WARN_UNDECLARED_SELECTOR = YES;
				GCC_WARN_UNINITIALIZED_AUTOS = YES_AGGRESSIVE;
				GCC_WARN_UNUSED_FUNCTION = YES;
				GCC_WARN_UNUSED_VARIABLE = YES;
				IPHONEOS_DEPLOYMENT_TARGET = 13.4;
				MTL_ENABLE_DEBUG_INFO = NO;
				MTL_FAST_MATH = YES;
				SDKROOT = iphoneos;
				SWIFT_COMPILATION_MODE = wholemodule;
				SWIFT_OPTIMIZATION_LEVEL = "-O";
				VALIDATE_PRODUCT = YES;
			};
			name = Release;
		};
		014F0EE52463EFB60031C3F4 /* Debug */ = {
			isa = XCBuildConfiguration;
			baseConfigurationReference = 7F3209B4EAE75D708A3E0B34 /* Pods-add2appline.debug.xcconfig */;
			buildSettings = {
				ASSETCATALOG_COMPILER_APPICON_NAME = AppIcon;
				CODE_SIGN_STYLE = Automatic;
				DEVELOPMENT_TEAM = 5EAY39XTTE;
				INFOPLIST_FILE = add2appline/Info.plist;
				IPHONEOS_DEPLOYMENT_TARGET = 13.0;
				LD_RUNPATH_SEARCH_PATHS = (
					"$(inherited)",
					"@executable_path/Frameworks",
				);
				PRODUCT_BUNDLE_IDENTIFIER = net.kikuchy.add2appline;
				PRODUCT_NAME = "$(TARGET_NAME)";
				SWIFT_VERSION = 5.0;
				TARGETED_DEVICE_FAMILY = "1,2";
			};
			name = Debug;
		};
		014F0EE62463EFB60031C3F4 /* Release */ = {
			isa = XCBuildConfiguration;
			baseConfigurationReference = 2BA2939E376301BD1126F210 /* Pods-add2appline.release.xcconfig */;
			buildSettings = {
				ASSETCATALOG_COMPILER_APPICON_NAME = AppIcon;
				CODE_SIGN_STYLE = Automatic;
				DEVELOPMENT_TEAM = 5EAY39XTTE;
				INFOPLIST_FILE = add2appline/Info.plist;
				IPHONEOS_DEPLOYMENT_TARGET = 13.0;
				LD_RUNPATH_SEARCH_PATHS = (
					"$(inherited)",
					"@executable_path/Frameworks",
				);
				PRODUCT_BUNDLE_IDENTIFIER = net.kikuchy.add2appline;
				PRODUCT_NAME = "$(TARGET_NAME)";
				SWIFT_VERSION = 5.0;
				TARGETED_DEVICE_FAMILY = "1,2";
			};
			name = Release;
		};
/* End XCBuildConfiguration section */

/* Begin XCConfigurationList section */
		014F0ECB2463EFB20031C3F4 /* Build configuration list for PBXProject "add2appline" */ = {
			isa = XCConfigurationList;
			buildConfigurations = (
				014F0EE22463EFB60031C3F4 /* Debug */,
				014F0EE32463EFB60031C3F4 /* Release */,
			);
			defaultConfigurationIsVisible = 0;
			defaultConfigurationName = Release;
		};
		014F0EE42463EFB60031C3F4 /* Build configuration list for PBXNativeTarget "add2appline" */ = {
			isa = XCConfigurationList;
			buildConfigurations = (
				014F0EE52463EFB60031C3F4 /* Debug */,
				014F0EE62463EFB60031C3F4 /* Release */,
			);
			defaultConfigurationIsVisible = 0;
			defaultConfigurationName = Release;
		};
/* End XCConfigurationList section */
	};
	rootObject = 014F0EC82463EFB10031C3F4 /* Project object */;
}
